// !$*UTF8*$!
{
	archiveVersion = 1;
	classes = {
	};
	objectVersion = 50;
	objects = {

/* Begin PBXBuildFile section */
		0BBF0D576C577CE26EF642DD /* Pods_ProductsProject.framework in Frameworks */ = {isa = PBXBuildFile; fileRef = 95D839AC12B07BDB92782484 /* Pods_ProductsProject.framework */; };
		F45109DA2215389F0080DA05 /* ProductData.swift in Sources */ = {isa = PBXBuildFile; fileRef = F45109D92215389F0080DA05 /* ProductData.swift */; };
		F45109DC221538FF0080DA05 /* ProductImage.swift in Sources */ = {isa = PBXBuildFile; fileRef = F45109DB221538FF0080DA05 /* ProductImage.swift */; };
		F45109DE22153A040080DA05 /* AppConstants.swift in Sources */ = {isa = PBXBuildFile; fileRef = F45109DD22153A040080DA05 /* AppConstants.swift */; };
		F45109E022153A130080DA05 /* DecodableCheck.swift in Sources */ = {isa = PBXBuildFile; fileRef = F45109DF22153A130080DA05 /* DecodableCheck.swift */; };
		F45109E422153A530080DA05 /* AlamofireRequests.swift in Sources */ = {isa = PBXBuildFile; fileRef = F45109E322153A530080DA05 /* AlamofireRequests.swift */; };
		F45109E6221544910080DA05 /* NetworkServices.swift in Sources */ = {isa = PBXBuildFile; fileRef = F45109E5221544910080DA05 /* NetworkServices.swift */; };
		F45109E8221546A20080DA05 /* NetworkProductData.swift in Sources */ = {isa = PBXBuildFile; fileRef = F45109E7221546A20080DA05 /* NetworkProductData.swift */; };
		F45109EB2215501D0080DA05 /* ProductTableView.swift in Sources */ = {isa = PBXBuildFile; fileRef = F45109EA2215501D0080DA05 /* ProductTableView.swift */; };
		F45109ED2215642D0080DA05 /* CoreDataManager.swift in Sources */ = {isa = PBXBuildFile; fileRef = F45109EC2215642D0080DA05 /* CoreDataManager.swift */; };
		F45109EF221585C20080DA05 /* LoadImageFromURL.swift in Sources */ = {isa = PBXBuildFile; fileRef = F45109EE221585C20080DA05 /* LoadImageFromURL.swift */; };
		F46D3BAC22196C7C0077C2B1 /* CustomSpinner.swift in Sources */ = {isa = PBXBuildFile; fileRef = F46D3BAB22196C7C0077C2B1 /* CustomSpinner.swift */; };
		F46D3BAE2219749B0077C2B1 /* ProductSearchBar.swift in Sources */ = {isa = PBXBuildFile; fileRef = F46D3BAD2219749B0077C2B1 /* ProductSearchBar.swift */; };
		F46D3BB0221975840077C2B1 /* SearchController.swift in Sources */ = {isa = PBXBuildFile; fileRef = F46D3BAF221975840077C2B1 /* SearchController.swift */; };
		F4832B1122142FC900F880E2 /* AppDelegate.swift in Sources */ = {isa = PBXBuildFile; fileRef = F4832B1022142FC900F880E2 /* AppDelegate.swift */; };
		F4832B1922142FC900F880E2 /* Product.xcdatamodeld in Sources */ = {isa = PBXBuildFile; fileRef = F4832B1722142FC900F880E2 /* Product.xcdatamodeld */; };
		F4832B1B22142FCC00F880E2 /* Assets.xcassets in Resources */ = {isa = PBXBuildFile; fileRef = F4832B1A22142FCC00F880E2 /* Assets.xcassets */; };
		F4832B1E22142FCC00F880E2 /* LaunchScreen.storyboard in Resources */ = {isa = PBXBuildFile; fileRef = F4832B1C22142FCC00F880E2 /* LaunchScreen.storyboard */; };
		F4832B2622142FED00F880E2 /* MainProducts.storyboard in Resources */ = {isa = PBXBuildFile; fileRef = F4832B2522142FED00F880E2 /* MainProducts.storyboard */; };
		F4832B282214304900F880E2 /* ProductListController.swift in Sources */ = {isa = PBXBuildFile; fileRef = F4832B272214304900F880E2 /* ProductListController.swift */; };
		F4832B2A2214305600F880E2 /* ProductDetailsController.swift in Sources */ = {isa = PBXBuildFile; fileRef = F4832B292214305600F880E2 /* ProductDetailsController.swift */; };
		F4832B362214315B00F880E2 /* ProductTableViewCell.swift in Sources */ = {isa = PBXBuildFile; fileRef = F4832B342214315B00F880E2 /* ProductTableViewCell.swift */; };
		F4832B372214315B00F880E2 /* ProductTableViewCell.xib in Resources */ = {isa = PBXBuildFile; fileRef = F4832B352214315B00F880E2 /* ProductTableViewCell.xib */; };
/* End PBXBuildFile section */

/* Begin PBXFileReference section */
		88A34B32FFA6EA4E986E16AC /* Pods-ProductsProject.debug.xcconfig */ = {isa = PBXFileReference; includeInIndex = 1; lastKnownFileType = text.xcconfig; name = "Pods-ProductsProject.debug.xcconfig"; path = "Pods/Target Support Files/Pods-ProductsProject/Pods-ProductsProject.debug.xcconfig"; sourceTree = "<group>"; };
		95D839AC12B07BDB92782484 /* Pods_ProductsProject.framework */ = {isa = PBXFileReference; explicitFileType = wrapper.framework; includeInIndex = 0; path = Pods_ProductsProject.framework; sourceTree = BUILT_PRODUCTS_DIR; };
		9C21D239170F5F10AE8B9A09 /* Pods-ProductsProject.release.xcconfig */ = {isa = PBXFileReference; includeInIndex = 1; lastKnownFileType = text.xcconfig; name = "Pods-ProductsProject.release.xcconfig"; path = "Pods/Target Support Files/Pods-ProductsProject/Pods-ProductsProject.release.xcconfig"; sourceTree = "<group>"; };
		F45109D92215389F0080DA05 /* ProductData.swift */ = {isa = PBXFileReference; lastKnownFileType = sourcecode.swift; path = ProductData.swift; sourceTree = "<group>"; };
		F45109DB221538FF0080DA05 /* ProductImage.swift */ = {isa = PBXFileReference; lastKnownFileType = sourcecode.swift; path = ProductImage.swift; sourceTree = "<group>"; };
		F45109DD22153A040080DA05 /* AppConstants.swift */ = {isa = PBXFileReference; lastKnownFileType = sourcecode.swift; path = AppConstants.swift; sourceTree = "<group>"; };
		F45109DF22153A130080DA05 /* DecodableCheck.swift */ = {isa = PBXFileReference; lastKnownFileType = sourcecode.swift; path = DecodableCheck.swift; sourceTree = "<group>"; };
		F45109E322153A530080DA05 /* AlamofireRequests.swift */ = {isa = PBXFileReference; lastKnownFileType = sourcecode.swift; path = AlamofireRequests.swift; sourceTree = "<group>"; };
		F45109E5221544910080DA05 /* NetworkServices.swift */ = {isa = PBXFileReference; lastKnownFileType = sourcecode.swift; path = NetworkServices.swift; sourceTree = "<group>"; };
		F45109E7221546A20080DA05 /* NetworkProductData.swift */ = {isa = PBXFileReference; lastKnownFileType = sourcecode.swift; path = NetworkProductData.swift; sourceTree = "<group>"; };
		F45109EA2215501D0080DA05 /* ProductTableView.swift */ = {isa = PBXFileReference; lastKnownFileType = sourcecode.swift; path = ProductTableView.swift; sourceTree = "<group>"; };
		F45109EC2215642D0080DA05 /* CoreDataManager.swift */ = {isa = PBXFileReference; lastKnownFileType = sourcecode.swift; path = CoreDataManager.swift; sourceTree = "<group>"; };
		F45109EE221585C20080DA05 /* LoadImageFromURL.swift */ = {isa = PBXFileReference; lastKnownFileType = sourcecode.swift; path = LoadImageFromURL.swift; sourceTree = "<group>"; };
		F46D3BAB22196C7C0077C2B1 /* CustomSpinner.swift */ = {isa = PBXFileReference; lastKnownFileType = sourcecode.swift; path = CustomSpinner.swift; sourceTree = "<group>"; };
		F46D3BAD2219749B0077C2B1 /* ProductSearchBar.swift */ = {isa = PBXFileReference; lastKnownFileType = sourcecode.swift; path = ProductSearchBar.swift; sourceTree = "<group>"; };
		F46D3BAF221975840077C2B1 /* SearchController.swift */ = {isa = PBXFileReference; lastKnownFileType = sourcecode.swift; path = SearchController.swift; sourceTree = "<group>"; };
		F4832B0D22142FC900F880E2 /* ProductsProject.app */ = {isa = PBXFileReference; explicitFileType = wrapper.application; includeInIndex = 0; path = ProductsProject.app; sourceTree = BUILT_PRODUCTS_DIR; };
		F4832B1022142FC900F880E2 /* AppDelegate.swift */ = {isa = PBXFileReference; lastKnownFileType = sourcecode.swift; path = AppDelegate.swift; sourceTree = "<group>"; };
		F4832B1822142FC900F880E2 /* ProductsProject.xcdatamodel */ = {isa = PBXFileReference; lastKnownFileType = wrapper.xcdatamodel; path = ProductsProject.xcdatamodel; sourceTree = "<group>"; };
		F4832B1A22142FCC00F880E2 /* Assets.xcassets */ = {isa = PBXFileReference; lastKnownFileType = folder.assetcatalog; path = Assets.xcassets; sourceTree = "<group>"; };
		F4832B1D22142FCC00F880E2 /* Base */ = {isa = PBXFileReference; lastKnownFileType = file.storyboard; name = Base; path = Base.lproj/LaunchScreen.storyboard; sourceTree = "<group>"; };
		F4832B1F22142FCC00F880E2 /* Info.plist */ = {isa = PBXFileReference; lastKnownFileType = text.plist.xml; path = Info.plist; sourceTree = "<group>"; };
		F4832B2522142FED00F880E2 /* MainProducts.storyboard */ = {isa = PBXFileReference; lastKnownFileType = file.storyboard; path = MainProducts.storyboard; sourceTree = "<group>"; };
		F4832B272214304900F880E2 /* ProductListController.swift */ = {isa = PBXFileReference; lastKnownFileType = sourcecode.swift; path = ProductListController.swift; sourceTree = "<group>"; };
		F4832B292214305600F880E2 /* ProductDetailsController.swift */ = {isa = PBXFileReference; lastKnownFileType = sourcecode.swift; path = ProductDetailsController.swift; sourceTree = "<group>"; };
		F4832B342214315B00F880E2 /* ProductTableViewCell.swift */ = {isa = PBXFileReference; lastKnownFileType = sourcecode.swift; path = ProductTableViewCell.swift; sourceTree = "<group>"; };
		F4832B352214315B00F880E2 /* ProductTableViewCell.xib */ = {isa = PBXFileReference; lastKnownFileType = file.xib; path = ProductTableViewCell.xib; sourceTree = "<group>"; };
/* End PBXFileReference section */

/* Begin PBXFrameworksBuildPhase section */
		F4832B0A22142FC900F880E2 /* Frameworks */ = {
			isa = PBXFrameworksBuildPhase;
			buildActionMask = 2147483647;
			files = (
				0BBF0D576C577CE26EF642DD /* Pods_ProductsProject.framework in Frameworks */,
			);
			runOnlyForDeploymentPostprocessing = 0;
		};
/* End PBXFrameworksBuildPhase section */

/* Begin PBXGroup section */
		43A2D6F3E7CD42AE1952447E /* Frameworks */ = {
			isa = PBXGroup;
			children = (
				95D839AC12B07BDB92782484 /* Pods_ProductsProject.framework */,
			);
			name = Frameworks;
			sourceTree = "<group>";
		};
		F310304BB936098D5601465B /* Pods */ = {
			isa = PBXGroup;
			children = (
				88A34B32FFA6EA4E986E16AC /* Pods-ProductsProject.debug.xcconfig */,
				9C21D239170F5F10AE8B9A09 /* Pods-ProductsProject.release.xcconfig */,
			);
			name = Pods;
			sourceTree = "<group>";
		};
		F45109E122153A2D0080DA05 /* HandleRequests */ = {
			isa = PBXGroup;
			children = (
				F45109DF22153A130080DA05 /* DecodableCheck.swift */,
				F45109E322153A530080DA05 /* AlamofireRequests.swift */,
				F45109E5221544910080DA05 /* NetworkServices.swift */,
			);
			path = HandleRequests;
			sourceTree = "<group>";
		};
		F45109E222153A380080DA05 /* NetworkModels */ = {
			isa = PBXGroup;
			children = (
				F45109E7221546A20080DA05 /* NetworkProductData.swift */,
			);
			path = NetworkModels;
			sourceTree = "<group>";
		};
		F45109E9221550040080DA05 /* Extensions */ = {
			isa = PBXGroup;
			children = (
				F45109EA2215501D0080DA05 /* ProductTableView.swift */,
				F46D3BAD2219749B0077C2B1 /* ProductSearchBar.swift */,
			);
			path = Extensions;
			sourceTree = "<group>";
		};
		F4832B0422142FC900F880E2 = {
			isa = PBXGroup;
			children = (
				F4832B0F22142FC900F880E2 /* ProductsProject */,
				F4832B0E22142FC900F880E2 /* Products */,
				F310304BB936098D5601465B /* Pods */,
				43A2D6F3E7CD42AE1952447E /* Frameworks */,
			);
			sourceTree = "<group>";
		};
		F4832B0E22142FC900F880E2 /* Products */ = {
			isa = PBXGroup;
			children = (
				F4832B0D22142FC900F880E2 /* ProductsProject.app */,
			);
			name = Products;
			sourceTree = "<group>";
		};
		F4832B0F22142FC900F880E2 /* ProductsProject */ = {
			isa = PBXGroup;
			children = (
				F4832B302214308300F880E2 /* CoreData */,
				F4832B2F2214307E00F880E2 /* Helpers */,
				F4832B312214308800F880E2 /* Networking */,
				F4832B2C2214306700F880E2 /* Model */,
				F4832B2B2214305D00F880E2 /* Controller */,
				F4832B2E2214307900F880E2 /* View */,
				F4832B1022142FC900F880E2 /* AppDelegate.swift */,
				F4832B1A22142FCC00F880E2 /* Assets.xcassets */,
				F4832B1C22142FCC00F880E2 /* LaunchScreen.storyboard */,
				F4832B1F22142FCC00F880E2 /* Info.plist */,
			);
			path = ProductsProject;
			sourceTree = "<group>";
		};
		F4832B2B2214305D00F880E2 /* Controller */ = {
			isa = PBXGroup;
			children = (
				F4832B32221430A800F880E2 /* Products */,
			);
			path = Controller;
			sourceTree = "<group>";
		};
		F4832B2C2214306700F880E2 /* Model */ = {
			isa = PBXGroup;
			children = (
				F45109D92215389F0080DA05 /* ProductData.swift */,
				F45109DB221538FF0080DA05 /* ProductImage.swift */,
			);
			path = Model;
			sourceTree = "<group>";
		};
		F4832B2E2214307900F880E2 /* View */ = {
			isa = PBXGroup;
			children = (
				F46D3BAB22196C7C0077C2B1 /* CustomSpinner.swift */,
			);
			path = View;
			sourceTree = "<group>";
		};
		F4832B2F2214307E00F880E2 /* Helpers */ = {
			isa = PBXGroup;
			children = (
				F45109DD22153A040080DA05 /* AppConstants.swift */,
				F45109EE221585C20080DA05 /* LoadImageFromURL.swift */,
				F46D3BAF221975840077C2B1 /* SearchController.swift */,
			);
			path = Helpers;
			sourceTree = "<group>";
		};
		F4832B302214308300F880E2 /* CoreData */ = {
			isa = PBXGroup;
			children = (
				F45109EC2215642D0080DA05 /* CoreDataManager.swift */,
				F4832B1722142FC900F880E2 /* Product.xcdatamodeld */,
			);
			path = CoreData;
			sourceTree = "<group>";
		};
		F4832B312214308800F880E2 /* Networking */ = {
			isa = PBXGroup;
			children = (
				F45109E122153A2D0080DA05 /* HandleRequests */,
				F45109E222153A380080DA05 /* NetworkModels */,
			);
			path = Networking;
			sourceTree = "<group>";
		};
		F4832B32221430A800F880E2 /* Products */ = {
			isa = PBXGroup;
			children = (
				F4832B2522142FED00F880E2 /* MainProducts.storyboard */,
				F4832B272214304900F880E2 /* ProductListController.swift */,
				F4832B292214305600F880E2 /* ProductDetailsController.swift */,
				F45109E9221550040080DA05 /* Extensions */,
				F4832B332214313800F880E2 /* ProductCell */,
			);
			path = Products;
			sourceTree = "<group>";
		};
		F4832B332214313800F880E2 /* ProductCell */ = {
			isa = PBXGroup;
			children = (
				F4832B342214315B00F880E2 /* ProductTableViewCell.swift */,
				F4832B352214315B00F880E2 /* ProductTableViewCell.xib */,
			);
			path = ProductCell;
			sourceTree = "<group>";
		};
/* End PBXGroup section */

/* Begin PBXNativeTarget section */
		F4832B0C22142FC900F880E2 /* ProductsProject */ = {
			isa = PBXNativeTarget;
			buildConfigurationList = F4832B2222142FCC00F880E2 /* Build configuration list for PBXNativeTarget "ProductsProject" */;
			buildPhases = (
				84B7B205841D7D0CD1FC2DDA /* [CP] Check Pods Manifest.lock */,
				F4832B0922142FC900F880E2 /* Sources */,
				F4832B0A22142FC900F880E2 /* Frameworks */,
				F4832B0B22142FC900F880E2 /* Resources */,
				4EA2EE6665630BF55AFCE40C /* [CP] Embed Pods Frameworks */,
			);
			buildRules = (
			);
			dependencies = (
			);
			name = ProductsProject;
			productName = ProductsProject;
			productReference = F4832B0D22142FC900F880E2 /* ProductsProject.app */;
			productType = "com.apple.product-type.application";
		};
/* End PBXNativeTarget section */

/* Begin PBXProject section */
		F4832B0522142FC900F880E2 /* Project object */ = {
			isa = PBXProject;
			attributes = {
				LastSwiftUpdateCheck = 1010;
				LastUpgradeCheck = 1010;
				ORGANIZATIONNAME = Amir;
				TargetAttributes = {
					F4832B0C22142FC900F880E2 = {
						CreatedOnToolsVersion = 10.1;
					};
				};
			};
			buildConfigurationList = F4832B0822142FC900F880E2 /* Build configuration list for PBXProject "ProductsProject" */;
			compatibilityVersion = "Xcode 9.3";
			developmentRegion = en;
			hasScannedForEncodings = 0;
			knownRegions = (
				en,
				Base,
			);
			mainGroup = F4832B0422142FC900F880E2;
			productRefGroup = F4832B0E22142FC900F880E2 /* Products */;
			projectDirPath = "";
			projectRoot = "";
			targets = (
				F4832B0C22142FC900F880E2 /* ProductsProject */,
			);
		};
/* End PBXProject section */

/* Begin PBXResourcesBuildPhase section */
		F4832B0B22142FC900F880E2 /* Resources */ = {
			isa = PBXResourcesBuildPhase;
			buildActionMask = 2147483647;
			files = (
				F4832B2622142FED00F880E2 /* MainProducts.storyboard in Resources */,
				F4832B372214315B00F880E2 /* ProductTableViewCell.xib in Resources */,
				F4832B1E22142FCC00F880E2 /* LaunchScreen.storyboard in Resources */,
				F4832B1B22142FCC00F880E2 /* Assets.xcassets in Resources */,
			);
			runOnlyForDeploymentPostprocessing = 0;
		};
/* End PBXResourcesBuildPhase section */

/* Begin PBXShellScriptBuildPhase section */
		4EA2EE6665630BF55AFCE40C /* [CP] Embed Pods Frameworks */ = {
			isa = PBXShellScriptBuildPhase;
			buildActionMask = 2147483647;
			files = (
			);
			inputPaths = (
				"${SRCROOT}/Pods/Target Support Files/Pods-ProductsProject/Pods-ProductsProject-frameworks.sh",
				"${BUILT_PRODUCTS_DIR}/Alamofire/Alamofire.framework",
				"${BUILT_PRODUCTS_DIR}/SwiftyJSON/SwiftyJSON.framework",
			);
			name = "[CP] Embed Pods Frameworks";
			outputPaths = (
				"${TARGET_BUILD_DIR}/${FRAMEWORKS_FOLDER_PATH}/Alamofire.framework",
				"${TARGET_BUILD_DIR}/${FRAMEWORKS_FOLDER_PATH}/SwiftyJSON.framework",
			);
			runOnlyForDeploymentPostprocessing = 0;
			shellPath = /bin/sh;
			shellScript = "\"${SRCROOT}/Pods/Target Support Files/Pods-ProductsProject/Pods-ProductsProject-frameworks.sh\"\n";
			showEnvVarsInLog = 0;
		};
		84B7B205841D7D0CD1FC2DDA /* [CP] Check Pods Manifest.lock */ = {
			isa = PBXShellScriptBuildPhase;
			buildActionMask = 2147483647;
			files = (
			);
			inputPaths = (
				"${PODS_PODFILE_DIR_PATH}/Podfile.lock",
				"${PODS_ROOT}/Manifest.lock",
			);
			name = "[CP] Check Pods Manifest.lock";
			outputPaths = (
				"$(DERIVED_FILE_DIR)/Pods-ProductsProject-checkManifestLockResult.txt",
			);
			runOnlyForDeploymentPostprocessing = 0;
			shellPath = /bin/sh;
			shellScript = "diff \"${PODS_PODFILE_DIR_PATH}/Podfile.lock\" \"${PODS_ROOT}/Manifest.lock\" > /dev/null\nif [ $? != 0 ] ; then\n    # print error to STDERR\n    echo \"error: The sandbox is not in sync with the Podfile.lock. Run 'pod install' or update your CocoaPods installation.\" >&2\n    exit 1\nfi\n# This output is used by Xcode 'outputs' to avoid re-running this script phase.\necho \"SUCCESS\" > \"${SCRIPT_OUTPUT_FILE_0}\"\n";
			showEnvVarsInLog = 0;
		};
/* End PBXShellScriptBuildPhase section */

/* Begin PBXSourcesBuildPhase section */
		F4832B0922142FC900F880E2 /* Sources */ = {
			isa = PBXSourcesBuildPhase;
			buildActionMask = 2147483647;
			files = (
				F45109E8221546A20080DA05 /* NetworkProductData.swift in Sources */,
				F4832B2A2214305600F880E2 /* ProductDetailsController.swift in Sources */,
				F45109E6221544910080DA05 /* NetworkServices.swift in Sources */,
				F45109E022153A130080DA05 /* DecodableCheck.swift in Sources */,
				F45109DA2215389F0080DA05 /* ProductData.swift in Sources */,
				F4832B282214304900F880E2 /* ProductListController.swift in Sources */,
				F45109DE22153A040080DA05 /* AppConstants.swift in Sources */,
				F46D3BB0221975840077C2B1 /* SearchController.swift in Sources */,
				F45109EF221585C20080DA05 /* LoadImageFromURL.swift in Sources */,
				F46D3BAC22196C7C0077C2B1 /* CustomSpinner.swift in Sources */,
				F4832B362214315B00F880E2 /* ProductTableViewCell.swift in Sources */,
				F45109EB2215501D0080DA05 /* ProductTableView.swift in Sources */,
				F45109E422153A530080DA05 /* AlamofireRequests.swift in Sources */,
				F46D3BAE2219749B0077C2B1 /* ProductSearchBar.swift in Sources */,
				F4832B1122142FC900F880E2 /* AppDelegate.swift in Sources */,
				F4832B1922142FC900F880E2 /* Product.xcdatamodeld in Sources */,
				F45109ED2215642D0080DA05 /* CoreDataManager.swift in Sources */,
				F45109DC221538FF0080DA05 /* ProductImage.swift in Sources */,
			);
			runOnlyForDeploymentPostprocessing = 0;
		};
/* End PBXSourcesBuildPhase section */

/* Begin PBXVariantGroup section */
		F4832B1C22142FCC00F880E2 /* LaunchScreen.storyboard */ = {
			isa = PBXVariantGroup;
			children = (
				F4832B1D22142FCC00F880E2 /* Base */,
			);
			name = LaunchScreen.storyboard;
			sourceTree = "<group>";
		};
/* End PBXVariantGroup section */

/* Begin XCBuildConfiguration section */
		F4832B2022142FCC00F880E2 /* Debug */ = {
			isa = XCBuildConfiguration;
			buildSettings = {
				ALWAYS_SEARCH_USER_PATHS = NO;
				CLANG_ANALYZER_NONNULL = YES;
				CLANG_ANALYZER_NUMBER_OBJECT_CONVERSION = YES_AGGRESSIVE;
				CLANG_CXX_LANGUAGE_STANDARD = "gnu++14";
				CLANG_CXX_LIBRARY = "libc++";
				CLANG_ENABLE_MODULES = YES;
				CLANG_ENABLE_OBJC_ARC = YES;
				CLANG_ENABLE_OBJC_WEAK = YES;
				CLANG_WARN_BLOCK_CAPTURE_AUTORELEASING = YES;
				CLANG_WARN_BOOL_CONVERSION = YES;
				CLANG_WARN_COMMA = YES;
				CLANG_WARN_CONSTANT_CONVERSION = YES;
				CLANG_WARN_DEPRECATED_OBJC_IMPLEMENTATIONS = YES;
				CLANG_WARN_DIRECT_OBJC_ISA_USAGE = YES_ERROR;
				CLANG_WARN_DOCUMENTATION_COMMENTS = YES;
				CLANG_WARN_EMPTY_BODY = YES;
				CLANG_WARN_ENUM_CONVERSION = YES;
				CLANG_WARN_INFINITE_RECURSION = YES;
				CLANG_WARN_INT_CONVERSION = YES;
				CLANG_WARN_NON_LITERAL_NULL_CONVERSION = YES;
				CLANG_WARN_OBJC_IMPLICIT_RETAIN_SELF = YES;
				CLANG_WARN_OBJC_LITERAL_CONVERSION = YES;
				CLANG_WARN_OBJC_ROOT_CLASS = YES_ERROR;
				CLANG_WARN_RANGE_LOOP_ANALYSIS = YES;
				CLANG_WARN_STRICT_PROTOTYPES = YES;
				CLANG_WARN_SUSPICIOUS_MOVE = YES;
				CLANG_WARN_UNGUARDED_AVAILABILITY = YES_AGGRESSIVE;
				CLANG_WARN_UNREACHABLE_CODE = YES;
				CLANG_WARN__DUPLICATE_METHOD_MATCH = YES;
				CODE_SIGN_IDENTITY = "iPhone Developer";
				COPY_PHASE_STRIP = NO;
				DEBUG_INFORMATION_FORMAT = dwarf;
				ENABLE_STRICT_OBJC_MSGSEND = YES;
				ENABLE_TESTABILITY = YES;
				GCC_C_LANGUAGE_STANDARD = gnu11;
				GCC_DYNAMIC_NO_PIC = NO;
				GCC_NO_COMMON_BLOCKS = YES;
				GCC_OPTIMIZATION_LEVEL = 0;
				GCC_PREPROCESSOR_DEFINITIONS = (
					"DEBUG=1",
					"$(inherited)",
				);
				GCC_WARN_64_TO_32_BIT_CONVERSION = YES;
				GCC_WARN_ABOUT_RETURN_TYPE = YES_ERROR;
				GCC_WARN_UNDECLARED_SELECTOR = YES;
				GCC_WARN_UNINITIALIZED_AUTOS = YES_AGGRESSIVE;
				GCC_WARN_UNUSED_FUNCTION = YES;
				GCC_WARN_UNUSED_VARIABLE = YES;
				IPHONEOS_DEPLOYMENT_TARGET = 12.1;
				MTL_ENABLE_DEBUG_INFO = INCLUDE_SOURCE;
				MTL_FAST_MATH = YES;
				ONLY_ACTIVE_ARCH = YES;
				SDKROOT = iphoneos;
				SWIFT_ACTIVE_COMPILATION_CONDITIONS = DEBUG;
				SWIFT_OPTIMIZATION_LEVEL = "-Onone";
			};
			name = Debug;
		};
		F4832B2122142FCC00F880E2 /* Release */ = {
			isa = XCBuildConfiguration;
			buildSettings = {
				ALWAYS_SEARCH_USER_PATHS = NO;
				CLANG_ANALYZER_NONNULL = YES;
				CLANG_ANALYZER_NUMBER_OBJECT_CONVERSION = YES_AGGRESSIVE;
				CLANG_CXX_LANGUAGE_STANDARD = "gnu++14";
				CLANG_CXX_LIBRARY = "libc++";
				CLANG_ENABLE_MODULES = YES;
				CLANG_ENABLE_OBJC_ARC = YES;
				CLANG_ENABLE_OBJC_WEAK = YES;
				CLANG_WARN_BLOCK_CAPTURE_AUTORELEASING = YES;
				CLANG_WARN_BOOL_CONVERSION = YES;
				CLANG_WARN_COMMA = YES;
				CLANG_WARN_CONSTANT_CONVERSION = YES;
				CLANG_WARN_DEPRECATED_OBJC_IMPLEMENTATIONS = YES;
				CLANG_WARN_DIRECT_OBJC_ISA_USAGE = YES_ERROR;
				CLANG_WARN_DOCUMENTATION_COMMENTS = YES;
				CLANG_WARN_EMPTY_BODY = YES;
				CLANG_WARN_ENUM_CONVERSION = YES;
				CLANG_WARN_INFINITE_RECURSION = YES;
				CLANG_WARN_INT_CONVERSION = YES;
				CLANG_WARN_NON_LITERAL_NULL_CONVERSION = YES;
				CLANG_WARN_OBJC_IMPLICIT_RETAIN_SELF = YES;
				CLANG_WARN_OBJC_LITERAL_CONVERSION = YES;
				CLANG_WARN_OBJC_ROOT_CLASS = YES_ERROR;
				CLANG_WARN_RANGE_LOOP_ANALYSIS = YES;
				CLANG_WARN_STRICT_PROTOTYPES = YES;
				CLANG_WARN_SUSPICIOUS_MOVE = YES;
				CLANG_WARN_UNGUARDED_AVAILABILITY = YES_AGGRESSIVE;
				CLANG_WARN_UNREACHABLE_CODE = YES;
				CLANG_WARN__DUPLICATE_METHOD_MATCH = YES;
				CODE_SIGN_IDENTITY = "iPhone Developer";
				COPY_PHASE_STRIP = NO;
				DEBUG_INFORMATION_FORMAT = "dwarf-with-dsym";
				ENABLE_NS_ASSERTIONS = NO;
				ENABLE_STRICT_OBJC_MSGSEND = YES;
				GCC_C_LANGUAGE_STANDARD = gnu11;
				GCC_NO_COMMON_BLOCKS = YES;
				GCC_WARN_64_TO_32_BIT_CONVERSION = YES;
				GCC_WARN_ABOUT_RETURN_TYPE = YES_ERROR;
				GCC_WARN_UNDECLARED_SELECTOR = YES;
				GCC_WARN_UNINITIALIZED_AUTOS = YES_AGGRESSIVE;
				GCC_WARN_UNUSED_FUNCTION = YES;
				GCC_WARN_UNUSED_VARIABLE = YES;
				IPHONEOS_DEPLOYMENT_TARGET = 12.1;
				MTL_ENABLE_DEBUG_INFO = NO;
				MTL_FAST_MATH = YES;
				SDKROOT = iphoneos;
				SWIFT_COMPILATION_MODE = wholemodule;
				SWIFT_OPTIMIZATION_LEVEL = "-O";
				VALIDATE_PRODUCT = YES;
			};
			name = Release;
		};
		F4832B2322142FCC00F880E2 /* Debug */ = {
			isa = XCBuildConfiguration;
			baseConfigurationReference = 88A34B32FFA6EA4E986E16AC /* Pods-ProductsProject.debug.xcconfig */;
			buildSettings = {
				ASSETCATALOG_COMPILER_APPICON_NAME = AppIcon;
				CODE_SIGN_STYLE = Automatic;
				DEVELOPMENT_TEAM = RQYKV2DGB7;
				INFOPLIST_FILE = ProductsProject/Info.plist;
				IPHONEOS_DEPLOYMENT_TARGET = 11.0;
				LD_RUNPATH_SEARCH_PATHS = (
					"$(inherited)",
					"@executable_path/Frameworks",
				);
				PRODUCT_BUNDLE_IDENTIFIER = com.amir.ProductsProject;
				PRODUCT_NAME = "$(TARGET_NAME)";
				SWIFT_VERSION = 4.2;
				TARGETED_DEVICE_FAMILY = "1,2";
			};
			name = Debug;
		};
		F4832B2422142FCC00F880E2 /* Release */ = {
			isa = XCBuildConfiguration;
			baseConfigurationReference = 9C21D239170F5F10AE8B9A09 /* Pods-ProductsProject.release.xcconfig */;
			buildSettings = {
				ASSETCATALOG_COMPILER_APPICON_NAME = AppIcon;
				CODE_SIGN_STYLE = Automatic;
				DEVELOPMENT_TEAM = RQYKV2DGB7;
				INFOPLIST_FILE = ProductsProject/Info.plist;
				IPHONEOS_DEPLOYMENT_TARGET = 11.0;
				LD_RUNPATH_SEARCH_PATHS = (
					"$(inherited)",
					"@executable_path/Frameworks",
				);
				PRODUCT_BUNDLE_IDENTIFIER = com.amir.ProductsProject;
				PRODUCT_NAME = "$(TARGET_NAME)";
				SWIFT_VERSION = 4.2;
				TARGETED_DEVICE_FAMILY = "1,2";
			};
			name = Release;
		};
/* End XCBuildConfiguration section */

/* Begin XCConfigurationList section */
		F4832B0822142FC900F880E2 /* Build configuration list for PBXProject "ProductsProject" */ = {
			isa = XCConfigurationList;
			buildConfigurations = (
				F4832B2022142FCC00F880E2 /* Debug */,
				F4832B2122142FCC00F880E2 /* Release */,
			);
			defaultConfigurationIsVisible = 0;
			defaultConfigurationName = Release;
		};
		F4832B2222142FCC00F880E2 /* Build configuration list for PBXNativeTarget "ProductsProject" */ = {
			isa = XCConfigurationList;
			buildConfigurations = (
				F4832B2322142FCC00F880E2 /* Debug */,
				F4832B2422142FCC00F880E2 /* Release */,
			);
			defaultConfigurationIsVisible = 0;
			defaultConfigurationName = Release;
		};
/* End XCConfigurationList section */

/* Begin XCVersionGroup section */
		F4832B1722142FC900F880E2 /* Product.xcdatamodeld */ = {
			isa = XCVersionGroup;
			children = (
				F4832B1822142FC900F880E2 /* ProductsProject.xcdatamodel */,
			);
			currentVersion = F4832B1822142FC900F880E2 /* ProductsProject.xcdatamodel */;
			path = Product.xcdatamodeld;
			sourceTree = "<group>";
			versionGroupType = wrapper.xcdatamodel;
		};
/* End XCVersionGroup section */
	};
	rootObject = F4832B0522142FC900F880E2 /* Project object */;
}
